// !$*UTF8*$!
{
	archiveVersion = 1;
	classes = {
	};
	objectVersion = 56;
	objects = {

/* Begin PBXBuildFile section */
		186D80842984E79600C4F46E /* AppDelegate.swift in Sources */ = {isa = PBXBuildFile; fileRef = 186D80832984E79600C4F46E /* AppDelegate.swift */; };
		186D80862984E79600C4F46E /* SceneDelegate.swift in Sources */ = {isa = PBXBuildFile; fileRef = 186D80852984E79600C4F46E /* SceneDelegate.swift */; };
		186D80882984E79600C4F46E /* RMTabBarController.swift in Sources */ = {isa = PBXBuildFile; fileRef = 186D80872984E79600C4F46E /* RMTabBarController.swift */; };
		186D808D2984E79800C4F46E /* Assets.xcassets in Resources */ = {isa = PBXBuildFile; fileRef = 186D808C2984E79800C4F46E /* Assets.xcassets */; };
		186D80902984E79800C4F46E /* LaunchScreen.storyboard in Resources */ = {isa = PBXBuildFile; fileRef = 186D808E2984E79800C4F46E /* LaunchScreen.storyboard */; };
		186D80A02984EF2D00C4F46E /* RMLocation.swift in Sources */ = {isa = PBXBuildFile; fileRef = 186D809F2984EF2D00C4F46E /* RMLocation.swift */; };
		186D80A22984EF4000C4F46E /* RMChracter.swift in Sources */ = {isa = PBXBuildFile; fileRef = 186D80A12984EF4000C4F46E /* RMChracter.swift */; };
		186D80A42984EF4A00C4F46E /* RMEpisode.swift in Sources */ = {isa = PBXBuildFile; fileRef = 186D80A32984EF4A00C4F46E /* RMEpisode.swift */; };
		186D80A62984F10000C4F46E /* RMCharacterViewController.swift in Sources */ = {isa = PBXBuildFile; fileRef = 186D80A52984F10000C4F46E /* RMCharacterViewController.swift */; };
		186D80A82984F10B00C4F46E /* RMLocationViewController.swift in Sources */ = {isa = PBXBuildFile; fileRef = 186D80A72984F10B00C4F46E /* RMLocationViewController.swift */; };
		186D80AA2984F11400C4F46E /* RMEpisodeViewController.swift in Sources */ = {isa = PBXBuildFile; fileRef = 186D80A92984F11400C4F46E /* RMEpisodeViewController.swift */; };
		186D80AC2984F14800C4F46E /* RMSettingsViewController.swift in Sources */ = {isa = PBXBuildFile; fileRef = 186D80AB2984F14800C4F46E /* RMSettingsViewController.swift */; };
		186D80AF29866A1F00C4F46E /* RMService.swift in Sources */ = {isa = PBXBuildFile; fileRef = 186D80AE29866A1F00C4F46E /* RMService.swift */; };
		186D80B129866A2700C4F46E /* RMRequest.swift in Sources */ = {isa = PBXBuildFile; fileRef = 186D80B029866A2700C4F46E /* RMRequest.swift */; };
		186D80B329866C7100C4F46E /* RMEndPoint.swift in Sources */ = {isa = PBXBuildFile; fileRef = 186D80B229866C7100C4F46E /* RMEndPoint.swift */; };
/* End PBXBuildFile section */

/* Begin PBXFileReference section */
		186D80802984E79600C4F46E /* RickAndMorty.app */ = {isa = PBXFileReference; explicitFileType = wrapper.application; includeInIndex = 0; path = RickAndMorty.app; sourceTree = BUILT_PRODUCTS_DIR; };
		186D80832984E79600C4F46E /* AppDelegate.swift */ = {isa = PBXFileReference; lastKnownFileType = sourcecode.swift; path = AppDelegate.swift; sourceTree = "<group>"; };
		186D80852984E79600C4F46E /* SceneDelegate.swift */ = {isa = PBXFileReference; lastKnownFileType = sourcecode.swift; path = SceneDelegate.swift; sourceTree = "<group>"; };
		186D80872984E79600C4F46E /* RMTabBarController.swift */ = {isa = PBXFileReference; lastKnownFileType = sourcecode.swift; path = RMTabBarController.swift; sourceTree = "<group>"; };
		186D808C2984E79800C4F46E /* Assets.xcassets */ = {isa = PBXFileReference; lastKnownFileType = folder.assetcatalog; path = Assets.xcassets; sourceTree = "<group>"; };
		186D808F2984E79800C4F46E /* Base */ = {isa = PBXFileReference; lastKnownFileType = file.storyboard; name = Base; path = Base.lproj/LaunchScreen.storyboard; sourceTree = "<group>"; };
		186D80912984E79800C4F46E /* Info.plist */ = {isa = PBXFileReference; lastKnownFileType = text.plist.xml; path = Info.plist; sourceTree = "<group>"; };
		186D809F2984EF2D00C4F46E /* RMLocation.swift */ = {isa = PBXFileReference; lastKnownFileType = sourcecode.swift; path = RMLocation.swift; sourceTree = "<group>"; };
		186D80A12984EF4000C4F46E /* RMChracter.swift */ = {isa = PBXFileReference; lastKnownFileType = sourcecode.swift; path = RMChracter.swift; sourceTree = "<group>"; };
		186D80A32984EF4A00C4F46E /* RMEpisode.swift */ = {isa = PBXFileReference; lastKnownFileType = sourcecode.swift; path = RMEpisode.swift; sourceTree = "<group>"; };
		186D80A52984F10000C4F46E /* RMCharacterViewController.swift */ = {isa = PBXFileReference; lastKnownFileType = sourcecode.swift; path = RMCharacterViewController.swift; sourceTree = "<group>"; };
		186D80A72984F10B00C4F46E /* RMLocationViewController.swift */ = {isa = PBXFileReference; lastKnownFileType = sourcecode.swift; path = RMLocationViewController.swift; sourceTree = "<group>"; };
		186D80A92984F11400C4F46E /* RMEpisodeViewController.swift */ = {isa = PBXFileReference; lastKnownFileType = sourcecode.swift; path = RMEpisodeViewController.swift; sourceTree = "<group>"; };
		186D80AB2984F14800C4F46E /* RMSettingsViewController.swift */ = {isa = PBXFileReference; lastKnownFileType = sourcecode.swift; path = RMSettingsViewController.swift; sourceTree = "<group>"; };
		186D80AE29866A1F00C4F46E /* RMService.swift */ = {isa = PBXFileReference; lastKnownFileType = sourcecode.swift; path = RMService.swift; sourceTree = "<group>"; };
		186D80B029866A2700C4F46E /* RMRequest.swift */ = {isa = PBXFileReference; lastKnownFileType = sourcecode.swift; path = RMRequest.swift; sourceTree = "<group>"; };
		186D80B229866C7100C4F46E /* RMEndPoint.swift */ = {isa = PBXFileReference; lastKnownFileType = sourcecode.swift; path = RMEndPoint.swift; sourceTree = "<group>"; };
/* End PBXFileReference section */

/* Begin PBXFrameworksBuildPhase section */
		186D807D2984E79600C4F46E /* Frameworks */ = {
			isa = PBXFrameworksBuildPhase;
			buildActionMask = 2147483647;
			files = (
			);
			runOnlyForDeploymentPostprocessing = 0;
		};
/* End PBXFrameworksBuildPhase section */

/* Begin PBXGroup section */
		186D80772984E79600C4F46E = {
			isa = PBXGroup;
			children = (
				186D80822984E79600C4F46E /* RickAndMorty */,
				186D80812984E79600C4F46E /* Products */,
			);
			sourceTree = "<group>";
		};
		186D80812984E79600C4F46E /* Products */ = {
			isa = PBXGroup;
			children = (
				186D80802984E79600C4F46E /* RickAndMorty.app */,
			);
			name = Products;
			sourceTree = "<group>";
		};
		186D80822984E79600C4F46E /* RickAndMorty */ = {
			isa = PBXGroup;
			children = (
				186D809D2984EE4400C4F46E /* Resources */,
				186D809C2984EE3E00C4F46E /* Managers */,
				186D809B2984EE2F00C4F46E /* APICliet */,
				186D809A2984EE2400C4F46E /* Views */,
				186D80992984EE1900C4F46E /* ViewModels */,
				186D80982984EE1200C4F46E /* Models */,
				186D80972984EE0500C4F46E /* Controllers */,
				186D80912984E79800C4F46E /* Info.plist */,
			);
			path = RickAndMorty;
			sourceTree = "<group>";
		};
		186D80972984EE0500C4F46E /* Controllers */ = {
			isa = PBXGroup;
			children = (
				186D80AD2984F55000C4F46E /* Core */,
			);
			path = Controllers;
			sourceTree = "<group>";
		};
		186D80982984EE1200C4F46E /* Models */ = {
			isa = PBXGroup;
			children = (
				186D809F2984EF2D00C4F46E /* RMLocation.swift */,
				186D80A12984EF4000C4F46E /* RMChracter.swift */,
				186D80A32984EF4A00C4F46E /* RMEpisode.swift */,
			);
			path = Models;
			sourceTree = "<group>";
		};
		186D80992984EE1900C4F46E /* ViewModels */ = {
			isa = PBXGroup;
			children = (
			);
			path = ViewModels;
			sourceTree = "<group>";
		};
		186D809A2984EE2400C4F46E /* Views */ = {
			isa = PBXGroup;
			children = (
			);
			path = Views;
			sourceTree = "<group>";
		};
		186D809B2984EE2F00C4F46E /* APICliet */ = {
			isa = PBXGroup;
			children = (
				186D80AE29866A1F00C4F46E /* RMService.swift */,
				186D80B229866C7100C4F46E /* RMEndPoint.swift */,
				186D80B029866A2700C4F46E /* RMRequest.swift */,
			);
			path = APICliet;
			sourceTree = "<group>";
		};
		186D809C2984EE3E00C4F46E /* Managers */ = {
			isa = PBXGroup;
			children = (
			);
			path = Managers;
			sourceTree = "<group>";
		};
		186D809D2984EE4400C4F46E /* Resources */ = {
			isa = PBXGroup;
			children = (
				186D80832984E79600C4F46E /* AppDelegate.swift */,
				186D80852984E79600C4F46E /* SceneDelegate.swift */,
				186D808C2984E79800C4F46E /* Assets.xcassets */,
				186D808E2984E79800C4F46E /* LaunchScreen.storyboard */,
			);
			path = Resources;
			sourceTree = "<group>";
		};
		186D80AD2984F55000C4F46E /* Core */ = {
			isa = PBXGroup;
			children = (
				186D80872984E79600C4F46E /* RMTabBarController.swift */,
				186D80A52984F10000C4F46E /* RMCharacterViewController.swift */,
				186D80A72984F10B00C4F46E /* RMLocationViewController.swift */,
				186D80A92984F11400C4F46E /* RMEpisodeViewController.swift */,
				186D80AB2984F14800C4F46E /* RMSettingsViewController.swift */,
			);
			path = Core;
			sourceTree = "<group>";
		};
/* End PBXGroup section */

/* Begin PBXNativeTarget section */
		186D807F2984E79600C4F46E /* RickAndMorty */ = {
			isa = PBXNativeTarget;
			buildConfigurationList = 186D80942984E79800C4F46E /* Build configuration list for PBXNativeTarget "RickAndMorty" */;
			buildPhases = (
				186D807C2984E79600C4F46E /* Sources */,
				186D807D2984E79600C4F46E /* Frameworks */,
				186D807E2984E79600C4F46E /* Resources */,
			);
			buildRules = (
			);
			dependencies = (
			);
			name = RickAndMorty;
			productName = RickAndMorty;
			productReference = 186D80802984E79600C4F46E /* RickAndMorty.app */;
			productType = "com.apple.product-type.application";
		};
/* End PBXNativeTarget section */

/* Begin PBXProject section */
		186D80782984E79600C4F46E /* Project object */ = {
			isa = PBXProject;
			attributes = {
				BuildIndependentTargetsInParallel = 1;
				LastSwiftUpdateCheck = 1420;
				LastUpgradeCheck = 1420;
				TargetAttributes = {
					186D807F2984E79600C4F46E = {
						CreatedOnToolsVersion = 14.2;
					};
				};
			};
			buildConfigurationList = 186D807B2984E79600C4F46E /* Build configuration list for PBXProject "RickAndMorty" */;
			compatibilityVersion = "Xcode 14.0";
			developmentRegion = en;
			hasScannedForEncodings = 0;
			knownRegions = (
				en,
				Base,
			);
			mainGroup = 186D80772984E79600C4F46E;
			productRefGroup = 186D80812984E79600C4F46E /* Products */;
			projectDirPath = "";
			projectRoot = "";
			targets = (
				186D807F2984E79600C4F46E /* RickAndMorty */,
			);
		};
/* End PBXProject section */

/* Begin PBXResourcesBuildPhase section */
		186D807E2984E79600C4F46E /* Resources */ = {
			isa = PBXResourcesBuildPhase;
			buildActionMask = 2147483647;
			files = (
				186D80902984E79800C4F46E /* LaunchScreen.storyboard in Resources */,
				186D808D2984E79800C4F46E /* Assets.xcassets in Resources */,
			);
			runOnlyForDeploymentPostprocessing = 0;
		};
/* End PBXResourcesBuildPhase section */

/* Begin PBXSourcesBuildPhase section */
		186D807C2984E79600C4F46E /* Sources */ = {
			isa = PBXSourcesBuildPhase;
			buildActionMask = 2147483647;
			files = (
				186D80A42984EF4A00C4F46E /* RMEpisode.swift in Sources */,
				186D80A82984F10B00C4F46E /* RMLocationViewController.swift in Sources */,
				186D80882984E79600C4F46E /* RMTabBarController.swift in Sources */,
				186D80842984E79600C4F46E /* AppDelegate.swift in Sources */,
				186D80AA2984F11400C4F46E /* RMEpisodeViewController.swift in Sources */,
				186D80862984E79600C4F46E /* SceneDelegate.swift in Sources */,
				186D80AC2984F14800C4F46E /* RMSettingsViewController.swift in Sources */,
				186D80B329866C7100C4F46E /* RMEndPoint.swift in Sources */,
				186D80AF29866A1F00C4F46E /* RMService.swift in Sources */,
				186D80A02984EF2D00C4F46E /* RMLocation.swift in Sources */,
				186D80A22984EF4000C4F46E /* RMChracter.swift in Sources */,
				186D80B129866A2700C4F46E /* RMRequest.swift in Sources */,
				186D80A62984F10000C4F46E /* RMCharacterViewController.swift in Sources */,
			);
			runOnlyForDeploymentPostprocessing = 0;
		};
/* End PBXSourcesBuildPhase section */

/* Begin PBXVariantGroup section */
		186D808E2984E79800C4F46E /* LaunchScreen.storyboard */ = {
			isa = PBXVariantGroup;
			children = (
				186D808F2984E79800C4F46E /* Base */,
			);
			name = LaunchScreen.storyboard;
			sourceTree = "<group>";
		};
/* End PBXVariantGroup section */

/* Begin XCBuildConfiguration section */
		186D80922984E79800C4F46E /* Debug */ = {
			isa = XCBuildConfiguration;
			buildSettings = {
				ALWAYS_SEARCH_USER_PATHS = NO;
				CLANG_ANALYZER_NONNULL = YES;
				CLANG_ANALYZER_NUMBER_OBJECT_CONVERSION = YES_AGGRESSIVE;
				CLANG_CXX_LANGUAGE_STANDARD = "gnu++20";
				CLANG_ENABLE_MODULES = YES;
				CLANG_ENABLE_OBJC_ARC = YES;
				CLANG_ENABLE_OBJC_WEAK = YES;
				CLANG_WARN_BLOCK_CAPTURE_AUTORELEASING = YES;
				CLANG_WARN_BOOL_CONVERSION = YES;
				CLANG_WARN_COMMA = YES;
				CLANG_WARN_CONSTANT_CONVERSION = YES;
				CLANG_WARN_DEPRECATED_OBJC_IMPLEMENTATIONS = YES;
				CLANG_WARN_DIRECT_OBJC_ISA_USAGE = YES_ERROR;
				CLANG_WARN_DOCUMENTATION_COMMENTS = YES;
				CLANG_WARN_EMPTY_BODY = YES;
				CLANG_WARN_ENUM_CONVERSION = YES;
				CLANG_WARN_INFINITE_RECURSION = YES;
				CLANG_WARN_INT_CONVERSION = YES;
				CLANG_WARN_NON_LITERAL_NULL_CONVERSION = YES;
				CLANG_WARN_OBJC_IMPLICIT_RETAIN_SELF = YES;
				CLANG_WARN_OBJC_LITERAL_CONVERSION = YES;
				CLANG_WARN_OBJC_ROOT_CLASS = YES_ERROR;
				CLANG_WARN_QUOTED_INCLUDE_IN_FRAMEWORK_HEADER = YES;
				CLANG_WARN_RANGE_LOOP_ANALYSIS = YES;
				CLANG_WARN_STRICT_PROTOTYPES = YES;
				CLANG_WARN_SUSPICIOUS_MOVE = YES;
				CLANG_WARN_UNGUARDED_AVAILABILITY = YES_AGGRESSIVE;
				CLANG_WARN_UNREACHABLE_CODE = YES;
				CLANG_WARN__DUPLICATE_METHOD_MATCH = YES;
				COPY_PHASE_STRIP = NO;
				DEBUG_INFORMATION_FORMAT = dwarf;
				ENABLE_STRICT_OBJC_MSGSEND = YES;
				ENABLE_TESTABILITY = YES;
				GCC_C_LANGUAGE_STANDARD = gnu11;
				GCC_DYNAMIC_NO_PIC = NO;
				GCC_NO_COMMON_BLOCKS = YES;
				GCC_OPTIMIZATION_LEVEL = 0;
				GCC_PREPROCESSOR_DEFINITIONS = (
					"DEBUG=1",
					"$(inherited)",
				);
				GCC_WARN_64_TO_32_BIT_CONVERSION = YES;
				GCC_WARN_ABOUT_RETURN_TYPE = YES_ERROR;
				GCC_WARN_UNDECLARED_SELECTOR = YES;
				GCC_WARN_UNINITIALIZED_AUTOS = YES_AGGRESSIVE;
				GCC_WARN_UNUSED_FUNCTION = YES;
				GCC_WARN_UNUSED_VARIABLE = YES;
				IPHONEOS_DEPLOYMENT_TARGET = 16.2;
				MTL_ENABLE_DEBUG_INFO = INCLUDE_SOURCE;
				MTL_FAST_MATH = YES;
				ONLY_ACTIVE_ARCH = YES;
				SDKROOT = iphoneos;
				SWIFT_ACTIVE_COMPILATION_CONDITIONS = DEBUG;
				SWIFT_OPTIMIZATION_LEVEL = "-Onone";
			};
			name = Debug;
		};
		186D80932984E79800C4F46E /* Release */ = {
			isa = XCBuildConfiguration;
			buildSettings = {
				ALWAYS_SEARCH_USER_PATHS = NO;
				CLANG_ANALYZER_NONNULL = YES;
				CLANG_ANALYZER_NUMBER_OBJECT_CONVERSION = YES_AGGRESSIVE;
				CLANG_CXX_LANGUAGE_STANDARD = "gnu++20";
				CLANG_ENABLE_MODULES = YES;
				CLANG_ENABLE_OBJC_ARC = YES;
				CLANG_ENABLE_OBJC_WEAK = YES;
				CLANG_WARN_BLOCK_CAPTURE_AUTORELEASING = YES;
				CLANG_WARN_BOOL_CONVERSION = YES;
				CLANG_WARN_COMMA = YES;
				CLANG_WARN_CONSTANT_CONVERSION = YES;
				CLANG_WARN_DEPRECATED_OBJC_IMPLEMENTATIONS = YES;
				CLANG_WARN_DIRECT_OBJC_ISA_USAGE = YES_ERROR;
				CLANG_WARN_DOCUMENTATION_COMMENTS = YES;
				CLANG_WARN_EMPTY_BODY = YES;
				CLANG_WARN_ENUM_CONVERSION = YES;
				CLANG_WARN_INFINITE_RECURSION = YES;
				CLANG_WARN_INT_CONVERSION = YES;
				CLANG_WARN_NON_LITERAL_NULL_CONVERSION = YES;
				CLANG_WARN_OBJC_IMPLICIT_RETAIN_SELF = YES;
				CLANG_WARN_OBJC_LITERAL_CONVERSION = YES;
				CLANG_WARN_OBJC_ROOT_CLASS = YES_ERROR;
				CLANG_WARN_QUOTED_INCLUDE_IN_FRAMEWORK_HEADER = YES;
				CLANG_WARN_RANGE_LOOP_ANALYSIS = YES;
				CLANG_WARN_STRICT_PROTOTYPES = YES;
				CLANG_WARN_SUSPICIOUS_MOVE = YES;
				CLANG_WARN_UNGUARDED_AVAILABILITY = YES_AGGRESSIVE;
				CLANG_WARN_UNREACHABLE_CODE = YES;
				CLANG_WARN__DUPLICATE_METHOD_MATCH = YES;
				COPY_PHASE_STRIP = NO;
				DEBUG_INFORMATION_FORMAT = "dwarf-with-dsym";
				ENABLE_NS_ASSERTIONS = NO;
				ENABLE_STRICT_OBJC_MSGSEND = YES;
				GCC_C_LANGUAGE_STANDARD = gnu11;
				GCC_NO_COMMON_BLOCKS = YES;
				GCC_WARN_64_TO_32_BIT_CONVERSION = YES;
				GCC_WARN_ABOUT_RETURN_TYPE = YES_ERROR;
				GCC_WARN_UNDECLARED_SELECTOR = YES;
				GCC_WARN_UNINITIALIZED_AUTOS = YES_AGGRESSIVE;
				GCC_WARN_UNUSED_FUNCTION = YES;
				GCC_WARN_UNUSED_VARIABLE = YES;
				IPHONEOS_DEPLOYMENT_TARGET = 16.2;
				MTL_ENABLE_DEBUG_INFO = NO;
				MTL_FAST_MATH = YES;
				SDKROOT = iphoneos;
				SWIFT_COMPILATION_MODE = wholemodule;
				SWIFT_OPTIMIZATION_LEVEL = "-O";
				VALIDATE_PRODUCT = YES;
			};
			name = Release;
		};
		186D80952984E79800C4F46E /* Debug */ = {
			isa = XCBuildConfiguration;
			buildSettings = {
				ASSETCATALOG_COMPILER_APPICON_NAME = AppIcon;
				ASSETCATALOG_COMPILER_GLOBAL_ACCENT_COLOR_NAME = AccentColor;
				CODE_SIGN_STYLE = Automatic;
				CURRENT_PROJECT_VERSION = 1;
				DEVELOPMENT_TEAM = NS9ZWM6RGA;
				GENERATE_INFOPLIST_FILE = YES;
				INFOPLIST_FILE = RickAndMorty/Info.plist;
				INFOPLIST_KEY_UIApplicationSupportsIndirectInputEvents = YES;
				INFOPLIST_KEY_UILaunchStoryboardName = LaunchScreen;
				INFOPLIST_KEY_UISupportedInterfaceOrientations_iPad = "UIInterfaceOrientationPortrait UIInterfaceOrientationPortraitUpsideDown UIInterfaceOrientationLandscapeLeft UIInterfaceOrientationLandscapeRight";
				INFOPLIST_KEY_UISupportedInterfaceOrientations_iPhone = "UIInterfaceOrientationPortrait UIInterfaceOrientationLandscapeLeft UIInterfaceOrientationLandscapeRight";
				LD_RUNPATH_SEARCH_PATHS = (
					"$(inherited)",
					"@executable_path/Frameworks",
				);
				MARKETING_VERSION = 1.0;
				PRODUCT_BUNDLE_IDENTIFIER = khalmatov.RickAndMorty;
				PRODUCT_NAME = "$(TARGET_NAME)";
				SWIFT_EMIT_LOC_STRINGS = YES;
				SWIFT_VERSION = 5.0;
				TARGETED_DEVICE_FAMILY = "1,2";
			};
			name = Debug;
		};
		186D80962984E79800C4F46E /* Release */ = {
			isa = XCBuildConfiguration;
			buildSettings = {
				ASSETCATALOG_COMPILER_APPICON_NAME = AppIcon;
				ASSETCATALOG_COMPILER_GLOBAL_ACCENT_COLOR_NAME = AccentColor;
				CODE_SIGN_STYLE = Automatic;
				CURRENT_PROJECT_VERSION = 1;
				DEVELOPMENT_TEAM = NS9ZWM6RGA;
				GENERATE_INFOPLIST_FILE = YES;
				INFOPLIST_FILE = RickAndMorty/Info.plist;
				INFOPLIST_KEY_UIApplicationSupportsIndirectInputEvents = YES;
				INFOPLIST_KEY_UILaunchStoryboardName = LaunchScreen;
				INFOPLIST_KEY_UISupportedInterfaceOrientations_iPad = "UIInterfaceOrientationPortrait UIInterfaceOrientationPortraitUpsideDown UIInterfaceOrientationLandscapeLeft UIInterfaceOrientationLandscapeRight";
				INFOPLIST_KEY_UISupportedInterfaceOrientations_iPhone = "UIInterfaceOrientationPortrait UIInterfaceOrientationLandscapeLeft UIInterfaceOrientationLandscapeRight";
				LD_RUNPATH_SEARCH_PATHS = (
					"$(inherited)",
					"@executable_path/Frameworks",
				);
				MARKETING_VERSION = 1.0;
				PRODUCT_BUNDLE_IDENTIFIER = khalmatov.RickAndMorty;
				PRODUCT_NAME = "$(TARGET_NAME)";
				SWIFT_EMIT_LOC_STRINGS = YES;
				SWIFT_VERSION = 5.0;
				TARGETED_DEVICE_FAMILY = "1,2";
			};
			name = Release;
		};
/* End XCBuildConfiguration section */

/* Begin XCConfigurationList section */
		186D807B2984E79600C4F46E /* Build configuration list for PBXProject "RickAndMorty" */ = {
			isa = XCConfigurationList;
			buildConfigurations = (
				186D80922984E79800C4F46E /* Debug */,
				186D80932984E79800C4F46E /* Release */,
			);
			defaultConfigurationIsVisible = 0;
			defaultConfigurationName = Release;
		};
		186D80942984E79800C4F46E /* Build configuration list for PBXNativeTarget "RickAndMorty" */ = {
			isa = XCConfigurationList;
			buildConfigurations = (
				186D80952984E79800C4F46E /* Debug */,
				186D80962984E79800C4F46E /* Release */,
			);
			defaultConfigurationIsVisible = 0;
			defaultConfigurationName = Release;
		};
/* End XCConfigurationList section */
	};
	rootObject = 186D80782984E79600C4F46E /* Project object */;
}
